
Microsoft Visual Studio Solution File, Format Version 12.00
# Visual Studio Version 16
VisualStudioVersion = 16.0.31313.79
MinimumVisualStudioVersion = 10.0.40219.1
Project("{FAE04EC0-301F-11D3-BF4B-00C04F79EFBC}") = "Microsoft.MergenModules", "Microsoft.MergenModules\Microsoft.MergenModules.csproj", "{46B24945-CFBE-4723-B135-C3A21DB82DD1}"
EndProject
Global
	GlobalSection(SolutionConfigurationPlatforms) = preSolution
		Debug|Any CPU = Debug|Any CPU
		Release|Any CPU = Release|Any CPU
	EndGlobalSection
	GlobalSection(ProjectConfigurationPlatforms) = postSolution
		{46B24945-CFBE-4723-B135-C3A21DB82DD1}.Debug|Any CPU.ActiveCfg = Debug|Any CPU
		{46B24945-CFBE-4723-B135-C3A21DB82DD1}.Debug|Any CPU.Build.0 = Debug|Any CPU
		{46B24945-CFBE-4723-B135-C3A21DB82DD1}.Release|Any CPU.ActiveCfg = Release|Any CPU
		{46B24945-CFBE-4723-B135-C3A21DB82DD1}.Release|Any CPU.Build.0 = Release|Any CPU
	EndGlobalSection
	GlobalSection(SolutionProperties) = preSolution
		HideSolutionNode = FALSE
	EndGlobalSection
	GlobalSection(ExtensibilityGlobals) = postSolution
		SolutionGuid = {4BEC17F7-1B32-4971-8CCC-3FF50081F0DD}
	EndGlobalSection
EndGlobal
